
Microsoft Visual Studio Solution File, Format Version 11.00
# Visual Studio 2010
# SharpDevelop 4.4
Project("{FD48973F-F585-4F70-812B-4D0503B36CE9}") = "Contoh", "Contoh\Contoh.pyproj", "{897A9FAA-9E8C-47AE-A7FB-38FDB82451EA}"
EndProject
Global
	GlobalSection(SolutionConfigurationPlatforms) = preSolution
		Debug|Any CPU = Debug|Any CPU
		Release|Any CPU = Release|Any CPU
	EndGlobalSection
	GlobalSection(ProjectConfigurationPlatforms) = postSolution
		{897A9FAA-9E8C-47AE-A7FB-38FDB82451EA}.Debug|Any CPU.Build.0 = Debug|Any CPU
		{897A9FAA-9E8C-47AE-A7FB-38FDB82451EA}.Debug|Any CPU.ActiveCfg = Debug|Any CPU
		{897A9FAA-9E8C-47AE-A7FB-38FDB82451EA}.Release|Any CPU.Build.0 = Release|Any CPU
		{897A9FAA-9E8C-47AE-A7FB-38FDB82451EA}.Release|Any CPU.ActiveCfg = Release|Any CPU
	EndGlobalSection
EndGlobal
